
Microsoft Visual Studio Solution File, Format Version 12.00
# Visual Studio Version 16
VisualStudioVersion = 16.0.30114.105
MinimumVisualStudioVersion = 10.0.40219.1
Project("{FAE04EC0-301F-11D3-BF4B-00C04F79EFBC}") = "DBot.Tests", "DBot.Tests\DBot.Tests.csproj", "{337C9E87-48E0-4367-9CBF-06B2A63C3B8C}"
EndProject
Project("{FAE04EC0-301F-11D3-BF4B-00C04F79EFBC}") = "DBot", "DBot\DBot.csproj", "{6EF7F9BB-CA87-439B-B468-212E51878311}"
EndProject
Project("{2150E333-8FDC-42A3-9474-1A3956D46DE8}") = "Docs", "Docs", "{1620B029-83CA-4C48-B249-E648C8AB29B2}"
	ProjectSection(SolutionItems) = preProject
		..\README.md = ..\README.md
	EndProjectSection
EndProject
Project("{FAE04EC0-301F-11D3-BF4B-00C04F79EFBC}") = "DBot.Dsl", "DBot.Dsl\DBot.Dsl.csproj", "{E7FE4507-F647-4E02-81C0-A29CF37578FC}"
EndProject
Project("{FAE04EC0-301F-11D3-BF4B-00C04F79EFBC}") = "Dbot.Domain", "Dbot.Domain\Dbot.Domain.csproj", "{987C45BE-92B2-4BF1-A4AF-15BB7543390A}"
EndProject
Global
	GlobalSection(SolutionConfigurationPlatforms) = preSolution
		Debug|Any CPU = Debug|Any CPU
		Release|Any CPU = Release|Any CPU
	EndGlobalSection
	GlobalSection(SolutionProperties) = preSolution
		HideSolutionNode = FALSE
	EndGlobalSection
	GlobalSection(ProjectConfigurationPlatforms) = postSolution
		{337C9E87-48E0-4367-9CBF-06B2A63C3B8C}.Debug|Any CPU.ActiveCfg = Debug|Any CPU
		{337C9E87-48E0-4367-9CBF-06B2A63C3B8C}.Debug|Any CPU.Build.0 = Debug|Any CPU
		{337C9E87-48E0-4367-9CBF-06B2A63C3B8C}.Release|Any CPU.ActiveCfg = Release|Any CPU
		{337C9E87-48E0-4367-9CBF-06B2A63C3B8C}.Release|Any CPU.Build.0 = Release|Any CPU
		{6EF7F9BB-CA87-439B-B468-212E51878311}.Debug|Any CPU.ActiveCfg = Debug|Any CPU
		{6EF7F9BB-CA87-439B-B468-212E51878311}.Debug|Any CPU.Build.0 = Debug|Any CPU
		{6EF7F9BB-CA87-439B-B468-212E51878311}.Release|Any CPU.ActiveCfg = Release|Any CPU
		{6EF7F9BB-CA87-439B-B468-212E51878311}.Release|Any CPU.Build.0 = Release|Any CPU
		{E7FE4507-F647-4E02-81C0-A29CF37578FC}.Debug|Any CPU.ActiveCfg = Debug|Any CPU
		{E7FE4507-F647-4E02-81C0-A29CF37578FC}.Debug|Any CPU.Build.0 = Debug|Any CPU
		{E7FE4507-F647-4E02-81C0-A29CF37578FC}.Release|Any CPU.ActiveCfg = Release|Any CPU
		{E7FE4507-F647-4E02-81C0-A29CF37578FC}.Release|Any CPU.Build.0 = Release|Any CPU
		{987C45BE-92B2-4BF1-A4AF-15BB7543390A}.Debug|Any CPU.ActiveCfg = Debug|Any CPU
		{987C45BE-92B2-4BF1-A4AF-15BB7543390A}.Debug|Any CPU.Build.0 = Debug|Any CPU
		{987C45BE-92B2-4BF1-A4AF-15BB7543390A}.Release|Any CPU.ActiveCfg = Release|Any CPU
		{987C45BE-92B2-4BF1-A4AF-15BB7543390A}.Release|Any CPU.Build.0 = Release|Any CPU
	EndGlobalSection
EndGlobal
